PODS:
  - Masonry (1.1.0)
  - XWPagingView (0.0.1):
    - Masonry

DEPENDENCIES:
  - Masonry
  - XWPagingView (from `../`)

SPEC REPOS:
  https://github.com/CocoaPods/Specs.git:
    - Masonry

EXTERNAL SOURCES:
  XWPagingView:
    :path: "../"

SPEC CHECKSUMS:
  Masonry: 678fab65091a9290e40e2832a55e7ab731aad201
  XWPagingView: 47d306e55122d39c807973c4e2deb8bdb7f6f2b9

PODFILE CHECKSUM: ae758b063e12c4b0904b7973c32a836539486423

COCOAPODS: 1.8.4
